
Microsoft Visual Studio Solution File, Format Version 12.00
# Visual Studio Version 17
VisualStudioVersion = 17.14.36301.6
MinimumVisualStudioVersion = 10.0.40219.1
Project("{FAE04EC0-301F-11D3-BF4B-00C04F79EFBC}") = "WebApiShop", "WebApiShop\WebApiShop.csproj", "{2B41CC8D-44EC-44E1-BBD9-340933F0A1AD}"
EndProject
Project("{FAE04EC0-301F-11D3-BF4B-00C04F79EFBC}") = "Repositories", "UserRepository\Repositories.csproj", "{7B24F61B-E58C-4A15-A327-B8724C48731C}"
EndProject
Project("{FAE04EC0-301F-11D3-BF4B-00C04F79EFBC}") = "Entities", "Entities\Entities.csproj", "{5C87DA19-71BD-45C0-9830-298E326242D7}"
EndProject
Project("{FAE04EC0-301F-11D3-BF4B-00C04F79EFBC}") = "Services", "UserServices\Services.csproj", "{093E92BA-5FDA-47FC-B351-54B337DAB465}"
EndProject
Project("{FAE04EC0-301F-11D3-BF4B-00C04F79EFBC}") = "DTO's", "DTO's\DTO's.csproj", "{CEB1856F-7B35-4EDA-AE9F-A3A6CC5FCD99}"
EndProject
Project("{FAE04EC0-301F-11D3-BF4B-00C04F79EFBC}") = "TestProject", "TestProject\TestProject.csproj", "{ECC16358-6964-4745-AC51-6EE8DE1707D7}"
EndProject
Project("{FAE04EC0-301F-11D3-BF4B-00C04F79EFBC}") = "KafkaConsumer", "KafkaConsumer\KafkaConsumer.csproj", "{0E648738-7D61-48C1-9667-3E86129DB2F2}"
EndProject
Global
	GlobalSection(SolutionConfigurationPlatforms) = preSolution
		Debug|Any CPU = Debug|Any CPU
		Debug|x64 = Debug|x64
		Debug|x86 = Debug|x86
		Release|Any CPU = Release|Any CPU
		Release|x64 = Release|x64
		Release|x86 = Release|x86
	EndGlobalSection
	GlobalSection(ProjectConfigurationPlatforms) = postSolution
		{2B41CC8D-44EC-44E1-BBD9-340933F0A1AD}.Debug|Any CPU.ActiveCfg = Debug|Any CPU
		{2B41CC8D-44EC-44E1-BBD9-340933F0A1AD}.Debug|Any CPU.Build.0 = Debug|Any CPU
		{2B41CC8D-44EC-44E1-BBD9-340933F0A1AD}.Debug|x64.ActiveCfg = Debug|Any CPU
		{2B41CC8D-44EC-44E1-BBD9-340933F0A1AD}.Debug|x64.Build.0 = Debug|Any CPU
		{2B41CC8D-44EC-44E1-BBD9-340933F0A1AD}.Debug|x86.ActiveCfg = Debug|Any CPU
		{2B41CC8D-44EC-44E1-BBD9-340933F0A1AD}.Debug|x86.Build.0 = Debug|Any CPU
		{2B41CC8D-44EC-44E1-BBD9-340933F0A1AD}.Release|Any CPU.ActiveCfg = Release|Any CPU
		{2B41CC8D-44EC-44E1-BBD9-340933F0A1AD}.Release|Any CPU.Build.0 = Release|Any CPU
		{2B41CC8D-44EC-44E1-BBD9-340933F0A1AD}.Release|x64.ActiveCfg = Release|Any CPU
		{2B41CC8D-44EC-44E1-BBD9-340933F0A1AD}.Release|x64.Build.0 = Release|Any CPU
		{2B41CC8D-44EC-44E1-BBD9-340933F0A1AD}.Release|x86.ActiveCfg = Release|Any CPU
		{2B41CC8D-44EC-44E1-BBD9-340933F0A1AD}.Release|x86.Build.0 = Release|Any CPU
		{7B24F61B-E58C-4A15-A327-B8724C48731C}.Debug|Any CPU.ActiveCfg = Debug|Any CPU
		{7B24F61B-E58C-4A15-A327-B8724C48731C}.Debug|Any CPU.Build.0 = Debug|Any CPU
		{7B24F61B-E58C-4A15-A327-B8724C48731C}.Debug|x64.ActiveCfg = Debug|Any CPU
		{7B24F61B-E58C-4A15-A327-B8724C48731C}.Debug|x64.Build.0 = Debug|Any CPU
		{7B24F61B-E58C-4A15-A327-B8724C48731C}.Debug|x86.ActiveCfg = Debug|Any CPU
		{7B24F61B-E58C-4A15-A327-B8724C48731C}.Debug|x86.Build.0 = Debug|Any CPU
		{7B24F61B-E58C-4A15-A327-B8724C48731C}.Release|Any CPU.ActiveCfg = Release|Any CPU
		{7B24F61B-E58C-4A15-A327-B8724C48731C}.Release|Any CPU.Build.0 = Release|Any CPU
		{7B24F61B-E58C-4A15-A327-B8724C48731C}.Release|x64.ActiveCfg = Release|Any CPU
		{7B24F61B-E58C-4A15-A327-B8724C48731C}.Release|x64.Build.0 = Release|Any CPU
		{7B24F61B-E58C-4A15-A327-B8724C48731C}.Release|x86.ActiveCfg = Release|Any CPU
		{7B24F61B-E58C-4A15-A327-B8724C48731C}.Release|x86.Build.0 = Release|Any CPU
		{5C87DA19-71BD-45C0-9830-298E326242D7}.Debug|Any CPU.ActiveCfg = Debug|Any CPU
		{5C87DA19-71BD-45C0-9830-298E326242D7}.Debug|Any CPU.Build.0 = Debug|Any CPU
		{5C87DA19-71BD-45C0-9830-298E326242D7}.Debug|x64.ActiveCfg = Debug|Any CPU
		{5C87DA19-71BD-45C0-9830-298E326242D7}.Debug|x64.Build.0 = Debug|Any CPU
		{5C87DA19-71BD-45C0-9830-298E326242D7}.Debug|x86.ActiveCfg = Debug|Any CPU
		{5C87DA19-71BD-45C0-9830-298E326242D7}.Debug|x86.Build.0 = Debug|Any CPU
		{5C87DA19-71BD-45C0-9830-298E326242D7}.Release|Any CPU.ActiveCfg = Release|Any CPU
		{5C87DA19-71BD-45C0-9830-298E326242D7}.Release|Any CPU.Build.0 = Release|Any CPU
		{5C87DA19-71BD-45C0-9830-298E326242D7}.Release|x64.ActiveCfg = Release|Any CPU
		{5C87DA19-71BD-45C0-9830-298E326242D7}.Release|x64.Build.0 = Release|Any CPU
		{5C87DA19-71BD-45C0-9830-298E326242D7}.Release|x86.ActiveCfg = Release|Any CPU
		{5C87DA19-71BD-45C0-9830-298E326242D7}.Release|x86.Build.0 = Release|Any CPU
		{093E92BA-5FDA-47FC-B351-54B337DAB465}.Debug|Any CPU.ActiveCfg = Debug|Any CPU
		{093E92BA-5FDA-47FC-B351-54B337DAB465}.Debug|Any CPU.Build.0 = Debug|Any CPU
		{093E92BA-5FDA-47FC-B351-54B337DAB465}.Debug|x64.ActiveCfg = Debug|Any CPU
		{093E92BA-5FDA-47FC-B351-54B337DAB465}.Debug|x64.Build.0 = Debug|Any CPU
		{093E92BA-5FDA-47FC-B351-54B337DAB465}.Debug|x86.ActiveCfg = Debug|Any CPU
		{093E92BA-5FDA-47FC-B351-54B337DAB465}.Debug|x86.Build.0 = Debug|Any CPU
		{093E92BA-5FDA-47FC-B351-54B337DAB465}.Release|Any CPU.ActiveCfg = Release|Any CPU
		{093E92BA-5FDA-47FC-B351-54B337DAB465}.Release|Any CPU.Build.0 = Release|Any CPU
		{093E92BA-5FDA-47FC-B351-54B337DAB465}.Release|x64.ActiveCfg = Release|Any CPU
		{093E92BA-5FDA-47FC-B351-54B337DAB465}.Release|x64.Build.0 = Release|Any CPU
		{093E92BA-5FDA-47FC-B351-54B337DAB465}.Release|x86.ActiveCfg = Release|Any CPU
		{093E92BA-5FDA-47FC-B351-54B337DAB465}.Release|x86.Build.0 = Release|Any CPU
		{CEB1856F-7B35-4EDA-AE9F-A3A6CC5FCD99}.Debug|Any CPU.ActiveCfg = Debug|Any CPU
		{CEB1856F-7B35-4EDA-AE9F-A3A6CC5FCD99}.Debug|Any CPU.Build.0 = Debug|Any CPU
		{CEB1856F-7B35-4EDA-AE9F-A3A6CC5FCD99}.Debug|x64.ActiveCfg = Debug|Any CPU
		{CEB1856F-7B35-4EDA-AE9F-A3A6CC5FCD99}.Debug|x64.Build.0 = Debug|Any CPU
		{CEB1856F-7B35-4EDA-AE9F-A3A6CC5FCD99}.Debug|x86.ActiveCfg = Debug|Any CPU
		{CEB1856F-7B35-4EDA-AE9F-A3A6CC5FCD99}.Debug|x86.Build.0 = Debug|Any CPU
		{CEB1856F-7B35-4EDA-AE9F-A3A6CC5FCD99}.Release|Any CPU.ActiveCfg = Release|Any CPU
		{CEB1856F-7B35-4EDA-AE9F-A3A6CC5FCD99}.Release|Any CPU.Build.0 = Release|Any CPU
		{CEB1856F-7B35-4EDA-AE9F-A3A6CC5FCD99}.Release|x64.ActiveCfg = Release|Any CPU
		{CEB1856F-7B35-4EDA-AE9F-A3A6CC5FCD99}.Release|x64.Build.0 = Release|Any CPU
		{CEB1856F-7B35-4EDA-AE9F-A3A6CC5FCD99}.Release|x86.ActiveCfg = Release|Any CPU
		{CEB1856F-7B35-4EDA-AE9F-A3A6CC5FCD99}.Release|x86.Build.0 = Release|Any CPU
		{ECC16358-6964-4745-AC51-6EE8DE1707D7}.Debug|Any CPU.ActiveCfg = Debug|Any CPU
		{ECC16358-6964-4745-AC51-6EE8DE1707D7}.Debug|Any CPU.Build.0 = Debug|Any CPU
		{ECC16358-6964-4745-AC51-6EE8DE1707D7}.Debug|x64.ActiveCfg = Debug|Any CPU
		{ECC16358-6964-4745-AC51-6EE8DE1707D7}.Debug|x64.Build.0 = Debug|Any CPU
		{ECC16358-6964-4745-AC51-6EE8DE1707D7}.Debug|x86.ActiveCfg = Debug|Any CPU
		{ECC16358-6964-4745-AC51-6EE8DE1707D7}.Debug|x86.Build.0 = Debug|Any CPU
		{ECC16358-6964-4745-AC51-6EE8DE1707D7}.Release|Any CPU.ActiveCfg = Release|Any CPU
		{ECC16358-6964-4745-AC51-6EE8DE1707D7}.Release|Any CPU.Build.0 = Release|Any CPU
		{ECC16358-6964-4745-AC51-6EE8DE1707D7}.Release|x64.ActiveCfg = Release|Any CPU
		{ECC16358-6964-4745-AC51-6EE8DE1707D7}.Release|x64.Build.0 = Release|Any CPU
		{ECC16358-6964-4745-AC51-6EE8DE1707D7}.Release|x86.ActiveCfg = Release|Any CPU
		{ECC16358-6964-4745-AC51-6EE8DE1707D7}.Release|x86.Build.0 = Release|Any CPU
		{0E648738-7D61-48C1-9667-3E86129DB2F2}.Debug|Any CPU.ActiveCfg = Debug|Any CPU
		{0E648738-7D61-48C1-9667-3E86129DB2F2}.Debug|Any CPU.Build.0 = Debug|Any CPU
		{0E648738-7D61-48C1-9667-3E86129DB2F2}.Debug|x64.ActiveCfg = Debug|Any CPU
		{0E648738-7D61-48C1-9667-3E86129DB2F2}.Debug|x64.Build.0 = Debug|Any CPU
		{0E648738-7D61-48C1-9667-3E86129DB2F2}.Debug|x86.ActiveCfg = Debug|Any CPU
		{0E648738-7D61-48C1-9667-3E86129DB2F2}.Debug|x86.Build.0 = Debug|Any CPU
		{0E648738-7D61-48C1-9667-3E86129DB2F2}.Release|Any CPU.ActiveCfg = Release|Any CPU
		{0E648738-7D61-48C1-9667-3E86129DB2F2}.Release|Any CPU.Build.0 = Release|Any CPU
		{0E648738-7D61-48C1-9667-3E86129DB2F2}.Release|x64.ActiveCfg = Release|Any CPU
		{0E648738-7D61-48C1-9667-3E86129DB2F2}.Release|x64.Build.0 = Release|Any CPU
		{0E648738-7D61-48C1-9667-3E86129DB2F2}.Release|x86.ActiveCfg = Release|Any CPU
		{0E648738-7D61-48C1-9667-3E86129DB2F2}.Release|x86.Build.0 = Release|Any CPU
	EndGlobalSection
	GlobalSection(SolutionProperties) = preSolution
		HideSolutionNode = FALSE
	EndGlobalSection
	GlobalSection(ExtensibilityGlobals) = postSolution
		SolutionGuid = {00A73156-19F2-44B2-97F1-00FD1CAABDFE}
	EndGlobalSection
EndGlobal
